
Microsoft Visual Studio Solution File, Format Version 12.00
# Visual Studio Version 16
VisualStudioVersion = 16.0.31129.286
MinimumVisualStudioVersion = 10.0.40219.1
Project("{FAE04EC0-301F-11D3-BF4B-00C04F79EFBC}") = "sidorencko_furniture", "sidorencko_furniture\sidorencko_furniture.csproj", "{A301126C-0E48-4F3A-867E-E00C08E7B105}"
EndProject
Global
	GlobalSection(SolutionConfigurationPlatforms) = preSolution
		Debug|Any CPU = Debug|Any CPU
		Release|Any CPU = Release|Any CPU
	EndGlobalSection
	GlobalSection(ProjectConfigurationPlatforms) = postSolution
		{A301126C-0E48-4F3A-867E-E00C08E7B105}.Debug|Any CPU.ActiveCfg = Debug|Any CPU
		{A301126C-0E48-4F3A-867E-E00C08E7B105}.Debug|Any CPU.Build.0 = Debug|Any CPU
		{A301126C-0E48-4F3A-867E-E00C08E7B105}.Release|Any CPU.ActiveCfg = Release|Any CPU
		{A301126C-0E48-4F3A-867E-E00C08E7B105}.Release|Any CPU.Build.0 = Release|Any CPU
	EndGlobalSection
	GlobalSection(SolutionProperties) = preSolution
		HideSolutionNode = FALSE
	EndGlobalSection
	GlobalSection(ExtensibilityGlobals) = postSolution
		SolutionGuid = {2C9CDE72-BD68-4AA3-B796-5B498E3A58F5}
	EndGlobalSection
EndGlobal
